
Microsoft Visual Studio Solution File, Format Version 12.00
# Visual Studio Version 17
VisualStudioVersion = 17.3.32929.385
MinimumVisualStudioVersion = 10.0.40219.1
Project("{9A19103F-16F7-4668-BE54-9A1E7A4F7556}") = "TestsGenerator", "TestsGenerator\TestsGenerator.csproj", "{1E6CC030-82AD-46D6-9269-F79211487236}"
	ProjectSection(ProjectDependencies) = postProject
		{E1D51938-00B6-4C4B-8651-F316F54BF78C} = {E1D51938-00B6-4C4B-8651-F316F54BF78C}
	EndProjectSection
EndProject
Project("{9A19103F-16F7-4668-BE54-9A1E7A4F7556}") = "TestsGeneratorLibrary", "TestsGeneratorLibrary\TestsGeneratorLibrary.csproj", "{E1D51938-00B6-4C4B-8651-F316F54BF78C}"
EndProject
Global
	GlobalSection(SolutionConfigurationPlatforms) = preSolution
		Debug|Any CPU = Debug|Any CPU
		Release|Any CPU = Release|Any CPU
	EndGlobalSection
	GlobalSection(ProjectConfigurationPlatforms) = postSolution
		{1E6CC030-82AD-46D6-9269-F79211487236}.Debug|Any CPU.ActiveCfg = Debug|Any CPU
		{1E6CC030-82AD-46D6-9269-F79211487236}.Debug|Any CPU.Build.0 = Debug|Any CPU
		{1E6CC030-82AD-46D6-9269-F79211487236}.Release|Any CPU.ActiveCfg = Release|Any CPU
		{1E6CC030-82AD-46D6-9269-F79211487236}.Release|Any CPU.Build.0 = Release|Any CPU
		{E1D51938-00B6-4C4B-8651-F316F54BF78C}.Debug|Any CPU.ActiveCfg = Debug|Any CPU
		{E1D51938-00B6-4C4B-8651-F316F54BF78C}.Debug|Any CPU.Build.0 = Debug|Any CPU
		{E1D51938-00B6-4C4B-8651-F316F54BF78C}.Release|Any CPU.ActiveCfg = Release|Any CPU
		{E1D51938-00B6-4C4B-8651-F316F54BF78C}.Release|Any CPU.Build.0 = Release|Any CPU
	EndGlobalSection
	GlobalSection(SolutionProperties) = preSolution
		HideSolutionNode = FALSE
	EndGlobalSection
	GlobalSection(ExtensibilityGlobals) = postSolution
		SolutionGuid = {24C3ED40-7274-4DF3-B463-DC9F20D1202F}
	EndGlobalSection
EndGlobal
